
Microsoft Visual Studio Solution File, Format Version 12.00
# Visual Studio Version 17
VisualStudioVersion = 17.13.35806.99 d17.13
MinimumVisualStudioVersion = 10.0.40219.1
Project("{8BC9CEB8-8B4A-11D0-8D11-00A0C91BC942}") = "IOCP_ECHO_Server_ver1", "IOCP_ECHO_Server_ver1\IOCP_ECHO_Server_ver1.vcxproj", "{B73F7ADA-5F3D-43C4-83C0-3F6D3B47652A}"
EndProject
Global
	GlobalSection(SolutionConfigurationPlatforms) = preSolution
		Debug|x64 = Debug|x64
		Debug|x86 = Debug|x86
		Release|x64 = Release|x64
		Release|x86 = Release|x86
	EndGlobalSection
	GlobalSection(ProjectConfigurationPlatforms) = postSolution
		{B73F7ADA-5F3D-43C4-83C0-3F6D3B47652A}.Debug|x64.ActiveCfg = Debug|x64
		{B73F7ADA-5F3D-43C4-83C0-3F6D3B47652A}.Debug|x64.Build.0 = Debug|x64
		{B73F7ADA-5F3D-43C4-83C0-3F6D3B47652A}.Debug|x86.ActiveCfg = Debug|Win32
		{B73F7ADA-5F3D-43C4-83C0-3F6D3B47652A}.Debug|x86.Build.0 = Debug|Win32
		{B73F7ADA-5F3D-43C4-83C0-3F6D3B47652A}.Release|x64.ActiveCfg = Release|x64
		{B73F7ADA-5F3D-43C4-83C0-3F6D3B47652A}.Release|x64.Build.0 = Release|x64
		{B73F7ADA-5F3D-43C4-83C0-3F6D3B47652A}.Release|x86.ActiveCfg = Release|Win32
		{B73F7ADA-5F3D-43C4-83C0-3F6D3B47652A}.Release|x86.Build.0 = Release|Win32
	EndGlobalSection
	GlobalSection(SolutionProperties) = preSolution
		HideSolutionNode = FALSE
	EndGlobalSection
	GlobalSection(ExtensibilityGlobals) = postSolution
		SolutionGuid = {4F65302E-55CC-4F49-AFCB-F0C5AC72E96C}
	EndGlobalSection
EndGlobal
